
Microsoft Visual Studio Solution File, Format Version 12.00
# Visual Studio Version 16
VisualStudioVersion = 16.0.30225.117
MinimumVisualStudioVersion = 10.0.40219.1
Project("{FAE04EC0-301F-11D3-BF4B-00C04F79EFBC}") = "WpfApp1", "WpfApp1.csproj", "{2EE720D2-9397-4F90-86EE-393EBF9875BA}"
EndProject
Global
	GlobalSection(SolutionConfigurationPlatforms) = preSolution
		Debug|Any CPU = Debug|Any CPU
		Release|Any CPU = Release|Any CPU
	EndGlobalSection
	GlobalSection(ProjectConfigurationPlatforms) = postSolution
		{2EE720D2-9397-4F90-86EE-393EBF9875BA}.Debug|Any CPU.ActiveCfg = Debug|Any CPU
		{2EE720D2-9397-4F90-86EE-393EBF9875BA}.Debug|Any CPU.Build.0 = Debug|Any CPU
		{2EE720D2-9397-4F90-86EE-393EBF9875BA}.Release|Any CPU.ActiveCfg = Release|Any CPU
		{2EE720D2-9397-4F90-86EE-393EBF9875BA}.Release|Any CPU.Build.0 = Release|Any CPU
	EndGlobalSection
	GlobalSection(SolutionProperties) = preSolution
		HideSolutionNode = FALSE
	EndGlobalSection
	GlobalSection(ExtensibilityGlobals) = postSolution
		SolutionGuid = {9B97A7D0-F405-4632-BDE4-6F52304EC601}
	EndGlobalSection
EndGlobal
